
Microsoft Visual Studio Solution File, Format Version 12.00
# Visual Studio Version 17
VisualStudioVersion = 17.14.36109.1
MinimumVisualStudioVersion = 10.0.40219.1
Project("{FAE04EC0-301F-11D3-BF4B-00C04F79EFBC}") = "SmartPdM", "SmartPdM\SmartPdM.csproj", "{7BDEDF9F-2352-4B7D-B7AF-59870F95CF10}"
EndProject
Global
	GlobalSection(SolutionConfigurationPlatforms) = preSolution
		Debug|Any CPU = Debug|Any CPU
		Release|Any CPU = Release|Any CPU
	EndGlobalSection
	GlobalSection(ProjectConfigurationPlatforms) = postSolution
		{7BDEDF9F-2352-4B7D-B7AF-59870F95CF10}.Debug|Any CPU.ActiveCfg = Debug|Any CPU
		{7BDEDF9F-2352-4B7D-B7AF-59870F95CF10}.Debug|Any CPU.Build.0 = Debug|Any CPU
		{7BDEDF9F-2352-4B7D-B7AF-59870F95CF10}.Debug|Any CPU.Deploy.0 = Debug|Any CPU
		{7BDEDF9F-2352-4B7D-B7AF-59870F95CF10}.Release|Any CPU.ActiveCfg = Release|Any CPU
		{7BDEDF9F-2352-4B7D-B7AF-59870F95CF10}.Release|Any CPU.Build.0 = Release|Any CPU
		{7BDEDF9F-2352-4B7D-B7AF-59870F95CF10}.Release|Any CPU.Deploy.0 = Release|Any CPU
	EndGlobalSection
	GlobalSection(SolutionProperties) = preSolution
		HideSolutionNode = FALSE
	EndGlobalSection
	GlobalSection(ExtensibilityGlobals) = postSolution
		SolutionGuid = {A67D097E-6EA7-4661-A859-4184A4E7EF26}
	EndGlobalSection
EndGlobal
